
Microsoft Visual Studio Solution File, Format Version 12.00
# Visual Studio Version 16
VisualStudioVersion = 16.0.29306.81
MinimumVisualStudioVersion = 10.0.40219.1
Project("{FAE04EC0-301F-11D3-BF4B-00C04F79EFBC}") = "TapiIntegrationSample", "TapiIntegrationSample.csproj", "{C8B22A84-3411-401F-8826-914ED51CC826}"
EndProject
Project("{FAE04EC0-301F-11D3-BF4B-00C04F79EFBC}") = "OpenAddressByNumber", "..\OpenAddressByNumber\OpenAddressByNumber.csproj", "{6BA2E6A8-0DF6-49EA-9181-CCA44EE391C2}"
EndProject
Global
	GlobalSection(SolutionConfigurationPlatforms) = preSolution
		Debug|Any CPU = Debug|Any CPU
		Release|Any CPU = Release|Any CPU
	EndGlobalSection
	GlobalSection(ProjectConfigurationPlatforms) = postSolution
		{C8B22A84-3411-401F-8826-914ED51CC826}.Debug|Any CPU.ActiveCfg = Debug|Any CPU
		{C8B22A84-3411-401F-8826-914ED51CC826}.Debug|Any CPU.Build.0 = Debug|Any CPU
		{C8B22A84-3411-401F-8826-914ED51CC826}.Release|Any CPU.ActiveCfg = Release|Any CPU
		{C8B22A84-3411-401F-8826-914ED51CC826}.Release|Any CPU.Build.0 = Release|Any CPU
		{6BA2E6A8-0DF6-49EA-9181-CCA44EE391C2}.Debug|Any CPU.ActiveCfg = Debug|Any CPU
		{6BA2E6A8-0DF6-49EA-9181-CCA44EE391C2}.Debug|Any CPU.Build.0 = Debug|Any CPU
		{6BA2E6A8-0DF6-49EA-9181-CCA44EE391C2}.Release|Any CPU.ActiveCfg = Release|Any CPU
		{6BA2E6A8-0DF6-49EA-9181-CCA44EE391C2}.Release|Any CPU.Build.0 = Release|Any CPU
	EndGlobalSection
	GlobalSection(SolutionProperties) = preSolution
		HideSolutionNode = FALSE
	EndGlobalSection
	GlobalSection(ExtensibilityGlobals) = postSolution
		SolutionGuid = {67148DF1-69C2-43E8-8523-F5A083CA4699}
	EndGlobalSection
EndGlobal
